// !$*UTF8*$!
{
	archiveVersion = 1;
	classes = {
	};
	objectVersion = 56;
	objects = {

/* Begin PBXBuildFile section */
		148EC8EC2A630F1F00EE962D /* HomeTab.swift in Sources */ = {isa = PBXBuildFile; fileRef = 148EC8EB2A630F1F00EE962D /* HomeTab.swift */; };
		148EC8EF2A63101C00EE962D /* Exercise.swift in Sources */ = {isa = PBXBuildFile; fileRef = 148EC8EE2A63101C00EE962D /* Exercise.swift */; };
		148EC8F12A63153000EE962D /* Enums.swift in Sources */ = {isa = PBXBuildFile; fileRef = 148EC8F02A63153000EE962D /* Enums.swift */; };
		148EC8F32A63158300EE962D /* WorkoutsTab.swift in Sources */ = {isa = PBXBuildFile; fileRef = 148EC8F22A63158300EE962D /* WorkoutsTab.swift */; };
		148EC8F52A63161800EE962D /* Workout.swift in Sources */ = {isa = PBXBuildFile; fileRef = 148EC8F42A63161800EE962D /* Workout.swift */; };
		148EC8F72A63180C00EE962D /* SettingsTab.swift in Sources */ = {isa = PBXBuildFile; fileRef = 148EC8F62A63180C00EE962D /* SettingsTab.swift */; };
		148EC8FA2A64E86600EE962D /* SourceCodePro-VariableFont_wght.ttf in Resources */ = {isa = PBXBuildFile; fileRef = 148EC8F92A64E86600EE962D /* SourceCodePro-VariableFont_wght.ttf */; };
		148EC8FC2A64E8A600EE962D /* SourceCodePro-SemiBold.ttf in Resources */ = {isa = PBXBuildFile; fileRef = 148EC8FB2A64E8A600EE962D /* SourceCodePro-SemiBold.ttf */; };
		148EC9062A656CD400EE962D /* Utility.swift in Sources */ = {isa = PBXBuildFile; fileRef = 148EC9052A656CD400EE962D /* Utility.swift */; };
		148EC9092A65753800EE962D /* WorkoutCard.swift in Sources */ = {isa = PBXBuildFile; fileRef = 148EC9082A65753800EE962D /* WorkoutCard.swift */; };
		148EC90B2A65765600EE962D /* ViewModifiers.swift in Sources */ = {isa = PBXBuildFile; fileRef = 148EC90A2A65765600EE962D /* ViewModifiers.swift */; };
		148EC90D2A65814E00EE962D /* WorkoutView.swift in Sources */ = {isa = PBXBuildFile; fileRef = 148EC90C2A65814E00EE962D /* WorkoutView.swift */; };
		148EC9112A66B79500EE962D /* ExercisesTab.swift in Sources */ = {isa = PBXBuildFile; fileRef = 148EC9102A66B79500EE962D /* ExercisesTab.swift */; };
		148EC9132A66B8D800EE962D /* TabLayout.swift in Sources */ = {isa = PBXBuildFile; fileRef = 148EC9122A66B8D800EE962D /* TabLayout.swift */; };
		148EC91B2A6812DF00EE962D /* ExerciseModal.swift in Sources */ = {isa = PBXBuildFile; fileRef = 148EC91A2A6812DF00EE962D /* ExerciseModal.swift */; };
		148EC91D2A6822EC00EE962D /* DifficultyRating.swift in Sources */ = {isa = PBXBuildFile; fileRef = 148EC91C2A6822EC00EE962D /* DifficultyRating.swift */; };
		148EC9262A68624500EE962D /* ExerciseDetails.swift in Sources */ = {isa = PBXBuildFile; fileRef = 148EC9252A68624500EE962D /* ExerciseDetails.swift */; };
		148EC9282A68C80D00EE962D /* Theme.swift in Sources */ = {isa = PBXBuildFile; fileRef = 148EC9272A68C80D00EE962D /* Theme.swift */; };
		148EC92A2A69615D00EE962D /* Assets.swift in Sources */ = {isa = PBXBuildFile; fileRef = 148EC9292A69615D00EE962D /* Assets.swift */; };
		148EC92C2A6965FF00EE962D /* SchemeType.swift in Sources */ = {isa = PBXBuildFile; fileRef = 148EC92B2A6965FF00EE962D /* SchemeType.swift */; };
		148EC9362A69E13200EE962D /* PieChart.swift in Sources */ = {isa = PBXBuildFile; fileRef = 148EC9352A69E13200EE962D /* PieChart.swift */; };
		148EC9382A69E16E00EE962D /* PieChartSlice.swift in Sources */ = {isa = PBXBuildFile; fileRef = 148EC9372A69E16E00EE962D /* PieChartSlice.swift */; };
		148EC9F12A7BE85000EE962D /* Fonts.swift in Sources */ = {isa = PBXBuildFile; fileRef = 148EC9F02A7BE85000EE962D /* Fonts.swift */; };
		148ECA062A81C70800EE962D /* Localizable.strings in Resources */ = {isa = PBXBuildFile; fileRef = 148ECA082A81C70800EE962D /* Localizable.strings */; };
		148ECA0B2A81C76C00EE962D /* String.swift in Sources */ = {isa = PBXBuildFile; fileRef = 148ECA0A2A81C76C00EE962D /* String.swift */; };
		148ECA0D2A81CADA00EE962D /* LanguageCodes.swift in Sources */ = {isa = PBXBuildFile; fileRef = 148ECA0C2A81CADA00EE962D /* LanguageCodes.swift */; };
		148ECA142A8CF62900EE962D /* UIColor.swift in Sources */ = {isa = PBXBuildFile; fileRef = 148ECA132A8CF62900EE962D /* UIColor.swift */; };
		148ECA162A8CF7E500EE962D /* Color.swift in Sources */ = {isa = PBXBuildFile; fileRef = 148ECA152A8CF7E500EE962D /* Color.swift */; };
		148ECA2F2A8FD25300EE962D /* ProgramsTab.swift in Sources */ = {isa = PBXBuildFile; fileRef = 148ECA2E2A8FD25300EE962D /* ProgramsTab.swift */; };
		148ECA312A8FD2DC00EE962D /* Program.swift in Sources */ = {isa = PBXBuildFile; fileRef = 148ECA302A8FD2DC00EE962D /* Program.swift */; };
		148ECA332A90040C00EE962D /* ProgramCard.swift in Sources */ = {isa = PBXBuildFile; fileRef = 148ECA322A90040C00EE962D /* ProgramCard.swift */; };
		148ECA352A90056D00EE962D /* ProgramView.swift in Sources */ = {isa = PBXBuildFile; fileRef = 148ECA342A90056D00EE962D /* ProgramView.swift */; };
		148ECA372A919A4400EE962D /* WorkoutExercise.swift in Sources */ = {isa = PBXBuildFile; fileRef = 148ECA362A919A4400EE962D /* WorkoutExercise.swift */; };
		148ECA392A927ADC00EE962D /* WorkoutExerciseCard.swift in Sources */ = {isa = PBXBuildFile; fileRef = 148ECA382A927ADC00EE962D /* WorkoutExerciseCard.swift */; };
		148ECA3D2A92843600EE962D /* ExerciseView.swift in Sources */ = {isa = PBXBuildFile; fileRef = 148ECA3C2A92843600EE962D /* ExerciseView.swift */; };
		148ECA3F2A9287A800EE962D /* Set.swift in Sources */ = {isa = PBXBuildFile; fileRef = 148ECA3E2A9287A800EE962D /* Set.swift */; };
		148ECA412A92DA9B00EE962D /* ProgramWorkout.swift in Sources */ = {isa = PBXBuildFile; fileRef = 148ECA402A92DA9B00EE962D /* ProgramWorkout.swift */; };
		148ECA432A939C6500EE962D /* ProgramWeekView.swift in Sources */ = {isa = PBXBuildFile; fileRef = 148ECA422A939C6500EE962D /* ProgramWeekView.swift */; };
		148ECA612A94D97100EE962D /* MeasureTab.swift in Sources */ = {isa = PBXBuildFile; fileRef = 148ECA602A94D97100EE962D /* MeasureTab.swift */; };
		148ECA642A94DB2000EE962D /* ARViewRepresentable.swift in Sources */ = {isa = PBXBuildFile; fileRef = 148ECA632A94DB2000EE962D /* ARViewRepresentable.swift */; };
		148ECA662A94F14B00EE962D /* ARViewCoordinator.swift in Sources */ = {isa = PBXBuildFile; fileRef = 148ECA652A94F14B00EE962D /* ARViewCoordinator.swift */; };
		14F0B21D2A6305330019497B /* ReactFitApp.swift in Sources */ = {isa = PBXBuildFile; fileRef = 14F0B21C2A6305330019497B /* ReactFitApp.swift */; };
		14F0B21F2A6305330019497B /* TabsView.swift in Sources */ = {isa = PBXBuildFile; fileRef = 14F0B21E2A6305330019497B /* TabsView.swift */; };
		14F0B2212A6305340019497B /* Assets.xcassets in Resources */ = {isa = PBXBuildFile; fileRef = 14F0B2202A6305340019497B /* Assets.xcassets */; };
		14F0B2242A6305340019497B /* Preview Assets.xcassets in Resources */ = {isa = PBXBuildFile; fileRef = 14F0B2232A6305340019497B /* Preview Assets.xcassets */; };
/* End PBXBuildFile section */

/* Begin PBXFileReference section */
		148EC8EB2A630F1F00EE962D /* HomeTab.swift */ = {isa = PBXFileReference; lastKnownFileType = sourcecode.swift; path = HomeTab.swift; sourceTree = "<group>"; };
		148EC8EE2A63101C00EE962D /* Exercise.swift */ = {isa = PBXFileReference; lastKnownFileType = sourcecode.swift; path = Exercise.swift; sourceTree = "<group>"; };
		148EC8F02A63153000EE962D /* Enums.swift */ = {isa = PBXFileReference; lastKnownFileType = sourcecode.swift; path = Enums.swift; sourceTree = "<group>"; };
		148EC8F22A63158300EE962D /* WorkoutsTab.swift */ = {isa = PBXFileReference; lastKnownFileType = sourcecode.swift; path = WorkoutsTab.swift; sourceTree = "<group>"; };
		148EC8F42A63161800EE962D /* Workout.swift */ = {isa = PBXFileReference; lastKnownFileType = sourcecode.swift; path = Workout.swift; sourceTree = "<group>"; };
		148EC8F62A63180C00EE962D /* SettingsTab.swift */ = {isa = PBXFileReference; lastKnownFileType = sourcecode.swift; path = SettingsTab.swift; sourceTree = "<group>"; };
		148EC8F82A64E5D300EE962D /* Info.plist */ = {isa = PBXFileReference; lastKnownFileType = text.plist; path = Info.plist; sourceTree = "<group>"; };
		148EC8F92A64E86600EE962D /* SourceCodePro-VariableFont_wght.ttf */ = {isa = PBXFileReference; lastKnownFileType = file; path = "SourceCodePro-VariableFont_wght.ttf"; sourceTree = "<group>"; };
		148EC8FB2A64E8A600EE962D /* SourceCodePro-SemiBold.ttf */ = {isa = PBXFileReference; lastKnownFileType = file; path = "SourceCodePro-SemiBold.ttf"; sourceTree = "<group>"; };
		148EC9052A656CD400EE962D /* Utility.swift */ = {isa = PBXFileReference; lastKnownFileType = sourcecode.swift; path = Utility.swift; sourceTree = "<group>"; };
		148EC9082A65753800EE962D /* WorkoutCard.swift */ = {isa = PBXFileReference; lastKnownFileType = sourcecode.swift; path = WorkoutCard.swift; sourceTree = "<group>"; };
		148EC90A2A65765600EE962D /* ViewModifiers.swift */ = {isa = PBXFileReference; lastKnownFileType = sourcecode.swift; path = ViewModifiers.swift; sourceTree = "<group>"; };
		148EC90C2A65814E00EE962D /* WorkoutView.swift */ = {isa = PBXFileReference; lastKnownFileType = sourcecode.swift; path = WorkoutView.swift; sourceTree = "<group>"; };
		148EC9102A66B79500EE962D /* ExercisesTab.swift */ = {isa = PBXFileReference; lastKnownFileType = sourcecode.swift; path = ExercisesTab.swift; sourceTree = "<group>"; };
		148EC9122A66B8D800EE962D /* TabLayout.swift */ = {isa = PBXFileReference; lastKnownFileType = sourcecode.swift; path = TabLayout.swift; sourceTree = "<group>"; };
		148EC91A2A6812DF00EE962D /* ExerciseModal.swift */ = {isa = PBXFileReference; lastKnownFileType = sourcecode.swift; path = ExerciseModal.swift; sourceTree = "<group>"; };
		148EC91C2A6822EC00EE962D /* DifficultyRating.swift */ = {isa = PBXFileReference; lastKnownFileType = sourcecode.swift; path = DifficultyRating.swift; sourceTree = "<group>"; };
		148EC9252A68624500EE962D /* ExerciseDetails.swift */ = {isa = PBXFileReference; lastKnownFileType = sourcecode.swift; path = ExerciseDetails.swift; sourceTree = "<group>"; };
		148EC9272A68C80D00EE962D /* Theme.swift */ = {isa = PBXFileReference; lastKnownFileType = sourcecode.swift; path = Theme.swift; sourceTree = "<group>"; };
		148EC9292A69615D00EE962D /* Assets.swift */ = {isa = PBXFileReference; lastKnownFileType = sourcecode.swift; path = Assets.swift; sourceTree = "<group>"; };
		148EC92B2A6965FF00EE962D /* SchemeType.swift */ = {isa = PBXFileReference; lastKnownFileType = sourcecode.swift; path = SchemeType.swift; sourceTree = "<group>"; };
		148EC9352A69E13200EE962D /* PieChart.swift */ = {isa = PBXFileReference; lastKnownFileType = sourcecode.swift; path = PieChart.swift; sourceTree = "<group>"; };
		148EC9372A69E16E00EE962D /* PieChartSlice.swift */ = {isa = PBXFileReference; lastKnownFileType = sourcecode.swift; path = PieChartSlice.swift; sourceTree = "<group>"; };
		148EC9F02A7BE85000EE962D /* Fonts.swift */ = {isa = PBXFileReference; lastKnownFileType = sourcecode.swift; path = Fonts.swift; sourceTree = "<group>"; };
		148ECA072A81C70800EE962D /* en */ = {isa = PBXFileReference; lastKnownFileType = text.plist.strings; name = en; path = en.lproj/Localizable.strings; sourceTree = "<group>"; };
		148ECA092A81C70D00EE962D /* es */ = {isa = PBXFileReference; lastKnownFileType = text.plist.strings; name = es; path = es.lproj/Localizable.strings; sourceTree = "<group>"; };
		148ECA0A2A81C76C00EE962D /* String.swift */ = {isa = PBXFileReference; lastKnownFileType = sourcecode.swift; path = String.swift; sourceTree = "<group>"; };
		148ECA0C2A81CADA00EE962D /* LanguageCodes.swift */ = {isa = PBXFileReference; lastKnownFileType = sourcecode.swift; path = LanguageCodes.swift; sourceTree = "<group>"; };
		148ECA132A8CF62900EE962D /* UIColor.swift */ = {isa = PBXFileReference; lastKnownFileType = sourcecode.swift; path = UIColor.swift; sourceTree = "<group>"; };
		148ECA152A8CF7E500EE962D /* Color.swift */ = {isa = PBXFileReference; lastKnownFileType = sourcecode.swift; path = Color.swift; sourceTree = "<group>"; };
		148ECA2E2A8FD25300EE962D /* ProgramsTab.swift */ = {isa = PBXFileReference; lastKnownFileType = sourcecode.swift; path = ProgramsTab.swift; sourceTree = "<group>"; };
		148ECA302A8FD2DC00EE962D /* Program.swift */ = {isa = PBXFileReference; lastKnownFileType = sourcecode.swift; path = Program.swift; sourceTree = "<group>"; };
		148ECA322A90040C00EE962D /* ProgramCard.swift */ = {isa = PBXFileReference; lastKnownFileType = sourcecode.swift; path = ProgramCard.swift; sourceTree = "<group>"; };
		148ECA342A90056D00EE962D /* ProgramView.swift */ = {isa = PBXFileReference; lastKnownFileType = sourcecode.swift; path = ProgramView.swift; sourceTree = "<group>"; };
		148ECA362A919A4400EE962D /* WorkoutExercise.swift */ = {isa = PBXFileReference; lastKnownFileType = sourcecode.swift; path = WorkoutExercise.swift; sourceTree = "<group>"; };
		148ECA382A927ADC00EE962D /* WorkoutExerciseCard.swift */ = {isa = PBXFileReference; lastKnownFileType = sourcecode.swift; path = WorkoutExerciseCard.swift; sourceTree = "<group>"; };
		148ECA3C2A92843600EE962D /* ExerciseView.swift */ = {isa = PBXFileReference; lastKnownFileType = sourcecode.swift; path = ExerciseView.swift; sourceTree = "<group>"; };
		148ECA3E2A9287A800EE962D /* Set.swift */ = {isa = PBXFileReference; lastKnownFileType = sourcecode.swift; path = Set.swift; sourceTree = "<group>"; };
		148ECA402A92DA9B00EE962D /* ProgramWorkout.swift */ = {isa = PBXFileReference; lastKnownFileType = sourcecode.swift; path = ProgramWorkout.swift; sourceTree = "<group>"; };
		148ECA422A939C6500EE962D /* ProgramWeekView.swift */ = {isa = PBXFileReference; lastKnownFileType = sourcecode.swift; path = ProgramWeekView.swift; sourceTree = "<group>"; };
		148ECA602A94D97100EE962D /* MeasureTab.swift */ = {isa = PBXFileReference; lastKnownFileType = sourcecode.swift; path = MeasureTab.swift; sourceTree = "<group>"; };
		148ECA632A94DB2000EE962D /* ARViewRepresentable.swift */ = {isa = PBXFileReference; lastKnownFileType = sourcecode.swift; path = ARViewRepresentable.swift; sourceTree = "<group>"; };
		148ECA652A94F14B00EE962D /* ARViewCoordinator.swift */ = {isa = PBXFileReference; lastKnownFileType = sourcecode.swift; path = ARViewCoordinator.swift; sourceTree = "<group>"; };
		14F0B2192A6305330019497B /* ReactFit.app */ = {isa = PBXFileReference; explicitFileType = wrapper.application; includeInIndex = 0; path = ReactFit.app; sourceTree = BUILT_PRODUCTS_DIR; };
		14F0B21C2A6305330019497B /* ReactFitApp.swift */ = {isa = PBXFileReference; lastKnownFileType = sourcecode.swift; path = ReactFitApp.swift; sourceTree = "<group>"; };
		14F0B21E2A6305330019497B /* TabsView.swift */ = {isa = PBXFileReference; lastKnownFileType = sourcecode.swift; path = TabsView.swift; sourceTree = "<group>"; };
		14F0B2202A6305340019497B /* Assets.xcassets */ = {isa = PBXFileReference; lastKnownFileType = folder.assetcatalog; path = Assets.xcassets; sourceTree = "<group>"; };
		14F0B2232A6305340019497B /* Preview Assets.xcassets */ = {isa = PBXFileReference; lastKnownFileType = folder.assetcatalog; path = "Preview Assets.xcassets"; sourceTree = "<group>"; };
/* End PBXFileReference section */

/* Begin PBXFrameworksBuildPhase section */
		14F0B2162A6305330019497B /* Frameworks */ = {
			isa = PBXFrameworksBuildPhase;
			buildActionMask = 2147483647;
			files = (
			);
			runOnlyForDeploymentPostprocessing = 0;
		};
/* End PBXFrameworksBuildPhase section */

/* Begin PBXGroup section */
		148EC8EA2A630EB600EE962D /* Tabs */ = {
			isa = PBXGroup;
			children = (
				148EC8EB2A630F1F00EE962D /* HomeTab.swift */,
				148EC8F22A63158300EE962D /* WorkoutsTab.swift */,
				148EC8F62A63180C00EE962D /* SettingsTab.swift */,
				148EC9102A66B79500EE962D /* ExercisesTab.swift */,
				148EC9122A66B8D800EE962D /* TabLayout.swift */,
				148ECA2E2A8FD25300EE962D /* ProgramsTab.swift */,
				148ECA602A94D97100EE962D /* MeasureTab.swift */,
			);
			path = Tabs;
			sourceTree = "<group>";
		};
		148EC8ED2A630FFA00EE962D /* Models */ = {
			isa = PBXGroup;
			children = (
				148EC8EE2A63101C00EE962D /* Exercise.swift */,
				148EC8F02A63153000EE962D /* Enums.swift */,
				148EC8F42A63161800EE962D /* Workout.swift */,
				148EC9272A68C80D00EE962D /* Theme.swift */,
				148EC9292A69615D00EE962D /* Assets.swift */,
				148EC92B2A6965FF00EE962D /* SchemeType.swift */,
				148EC9F02A7BE85000EE962D /* Fonts.swift */,
				148ECA0C2A81CADA00EE962D /* LanguageCodes.swift */,
				148ECA302A8FD2DC00EE962D /* Program.swift */,
				148ECA362A919A4400EE962D /* WorkoutExercise.swift */,
				148ECA3E2A9287A800EE962D /* Set.swift */,
				148ECA402A92DA9B00EE962D /* ProgramWorkout.swift */,
			);
			path = Models;
			sourceTree = "<group>";
		};
		148EC8FD2A65436600EE962D /* Views */ = {
			isa = PBXGroup;
			children = (
				14F0B21E2A6305330019497B /* TabsView.swift */,
				148EC8EA2A630EB600EE962D /* Tabs */,
				148EC9072A65751B00EE962D /* Components */,
			);
			path = Views;
			sourceTree = "<group>";
		};
		148EC8FE2A6545CE00EE962D /* Extensions */ = {
			isa = PBXGroup;
			children = (
				148EC8FF2A6545E100EE962D /* ViewModifiers */,
				148ECA0A2A81C76C00EE962D /* String.swift */,
				148ECA132A8CF62900EE962D /* UIColor.swift */,
				148ECA152A8CF7E500EE962D /* Color.swift */,
			);
			path = Extensions;
			sourceTree = "<group>";
		};
		148EC8FF2A6545E100EE962D /* ViewModifiers */ = {
			isa = PBXGroup;
			children = (
				148EC90A2A65765600EE962D /* ViewModifiers.swift */,
			);
			path = ViewModifiers;
			sourceTree = "<group>";
		};
		148EC9002A65469F00EE962D /* App */ = {
			isa = PBXGroup;
			children = (
				148EC8FD2A65436600EE962D /* Views */,
				148EC8ED2A630FFA00EE962D /* Models */,
				148EC9042A656C9D00EE962D /* Helpers */,
				14F0B21C2A6305330019497B /* ReactFitApp.swift */,
			);
			path = App;
			sourceTree = "<group>";
		};
		148EC9012A6546E400EE962D /* Resources */ = {
			isa = PBXGroup;
			children = (
				148EC9022A6546FE00EE962D /* Fonts */,
				14F0B2202A6305340019497B /* Assets.xcassets */,
			);
			path = Resources;
			sourceTree = "<group>";
		};
		148EC9022A6546FE00EE962D /* Fonts */ = {
			isa = PBXGroup;
			children = (
				148EC8F92A64E86600EE962D /* SourceCodePro-VariableFont_wght.ttf */,
				148EC8FB2A64E8A600EE962D /* SourceCodePro-SemiBold.ttf */,
			);
			path = Fonts;
			sourceTree = "<group>";
		};
		148EC9042A656C9D00EE962D /* Helpers */ = {
			isa = PBXGroup;
			children = (
				148EC9052A656CD400EE962D /* Utility.swift */,
			);
			path = Helpers;
			sourceTree = "<group>";
		};
		148EC9072A65751B00EE962D /* Components */ = {
			isa = PBXGroup;
			children = (
				148ECA622A94DA9100EE962D /* MeasureTab */,
				148EC9342A69E0F400EE962D /* PieChart */,
				148EC9082A65753800EE962D /* WorkoutCard.swift */,
				148EC90C2A65814E00EE962D /* WorkoutView.swift */,
				148EC91A2A6812DF00EE962D /* ExerciseModal.swift */,
				148EC91C2A6822EC00EE962D /* DifficultyRating.swift */,
				148EC9252A68624500EE962D /* ExerciseDetails.swift */,
				148ECA322A90040C00EE962D /* ProgramCard.swift */,
				148ECA342A90056D00EE962D /* ProgramView.swift */,
				148ECA382A927ADC00EE962D /* WorkoutExerciseCard.swift */,
				148ECA3C2A92843600EE962D /* ExerciseView.swift */,
				148ECA422A939C6500EE962D /* ProgramWeekView.swift */,
			);
			path = Components;
			sourceTree = "<group>";
		};
		148EC9342A69E0F400EE962D /* PieChart */ = {
			isa = PBXGroup;
			children = (
				148EC9352A69E13200EE962D /* PieChart.swift */,
				148EC9372A69E16E00EE962D /* PieChartSlice.swift */,
			);
			path = PieChart;
			sourceTree = "<group>";
		};
		148ECA622A94DA9100EE962D /* MeasureTab */ = {
			isa = PBXGroup;
			children = (
				148ECA632A94DB2000EE962D /* ARViewRepresentable.swift */,
				148ECA652A94F14B00EE962D /* ARViewCoordinator.swift */,
			);
			path = MeasureTab;
			sourceTree = "<group>";
		};
		14F0B2102A6305330019497B = {
			isa = PBXGroup;
			children = (
				14F0B21B2A6305330019497B /* ReactFit */,
				14F0B21A2A6305330019497B /* Products */,
			);
			sourceTree = "<group>";
		};
		14F0B21A2A6305330019497B /* Products */ = {
			isa = PBXGroup;
			children = (
				14F0B2192A6305330019497B /* ReactFit.app */,
			);
			name = Products;
			sourceTree = "<group>";
		};
		14F0B21B2A6305330019497B /* ReactFit */ = {
			isa = PBXGroup;
			children = (
				148EC8F82A64E5D300EE962D /* Info.plist */,
				148ECA082A81C70800EE962D /* Localizable.strings */,
				148EC9002A65469F00EE962D /* App */,
				148EC8FE2A6545CE00EE962D /* Extensions */,
				148EC9012A6546E400EE962D /* Resources */,
				14F0B2222A6305340019497B /* Preview Content */,
			);
			path = ReactFit;
			sourceTree = "<group>";
		};
		14F0B2222A6305340019497B /* Preview Content */ = {
			isa = PBXGroup;
			children = (
				14F0B2232A6305340019497B /* Preview Assets.xcassets */,
			);
			path = "Preview Content";
			sourceTree = "<group>";
		};
/* End PBXGroup section */

/* Begin PBXNativeTarget section */
		14F0B2182A6305330019497B /* ReactFit */ = {
			isa = PBXNativeTarget;
			buildConfigurationList = 14F0B2272A6305340019497B /* Build configuration list for PBXNativeTarget "ReactFit" */;
			buildPhases = (
				14F0B2152A6305330019497B /* Sources */,
				14F0B2162A6305330019497B /* Frameworks */,
				14F0B2172A6305330019497B /* Resources */,
				148EC8E92A630E6F00EE962D /* SwiftFormat */,
			);
			buildRules = (
			);
			dependencies = (
			);
			name = ReactFit;
			productName = ReactFit;
			productReference = 14F0B2192A6305330019497B /* ReactFit.app */;
			productType = "com.apple.product-type.application";
		};
/* End PBXNativeTarget section */

/* Begin PBXProject section */
		14F0B2112A6305330019497B /* Project object */ = {
			isa = PBXProject;
			attributes = {
				BuildIndependentTargetsInParallel = 1;
				LastSwiftUpdateCheck = 1430;
				LastUpgradeCheck = 1430;
				TargetAttributes = {
					14F0B2182A6305330019497B = {
						CreatedOnToolsVersion = 14.3;
					};
				};
			};
			buildConfigurationList = 14F0B2142A6305330019497B /* Build configuration list for PBXProject "ReactFit" */;
			compatibilityVersion = "Xcode 14.0";
			developmentRegion = en;
			hasScannedForEncodings = 0;
			knownRegions = (
				en,
				Base,
				es,
			);
			mainGroup = 14F0B2102A6305330019497B;
			productRefGroup = 14F0B21A2A6305330019497B /* Products */;
			projectDirPath = "";
			projectRoot = "";
			targets = (
				14F0B2182A6305330019497B /* ReactFit */,
			);
		};
/* End PBXProject section */

/* Begin PBXResourcesBuildPhase section */
		14F0B2172A6305330019497B /* Resources */ = {
			isa = PBXResourcesBuildPhase;
			buildActionMask = 2147483647;
			files = (
				148ECA062A81C70800EE962D /* Localizable.strings in Resources */,
				14F0B2242A6305340019497B /* Preview Assets.xcassets in Resources */,
				14F0B2212A6305340019497B /* Assets.xcassets in Resources */,
				148EC8FA2A64E86600EE962D /* SourceCodePro-VariableFont_wght.ttf in Resources */,
				148EC8FC2A64E8A600EE962D /* SourceCodePro-SemiBold.ttf in Resources */,
			);
			runOnlyForDeploymentPostprocessing = 0;
		};
/* End PBXResourcesBuildPhase section */

/* Begin PBXShellScriptBuildPhase section */
		148EC8E92A630E6F00EE962D /* SwiftFormat */ = {
			isa = PBXShellScriptBuildPhase;
			buildActionMask = 2147483647;
			files = (
			);
			inputFileListPaths = (
			);
			inputPaths = (
			);
			name = SwiftFormat;
			outputFileListPaths = (
			);
			outputPaths = (
			);
			runOnlyForDeploymentPostprocessing = 0;
			shellPath = /bin/sh;
			shellScript = "# Type a script or drag a script file from your workspace to insert its path.\nexport PATH=\"/opt/homebrew/bin:$PATH\"\nif which swiftformat >/dev/null; then\n  swiftformat .\nelse\n  echo \"warning: SwiftFormat not installed, download from https://github.com/nicklockwood/SwiftFormat\"\nfi\n";
		};
/* End PBXShellScriptBuildPhase section */

/* Begin PBXSourcesBuildPhase section */
		14F0B2152A6305330019497B /* Sources */ = {
			isa = PBXSourcesBuildPhase;
			buildActionMask = 2147483647;
			files = (
				148ECA332A90040C00EE962D /* ProgramCard.swift in Sources */,
				148EC9262A68624500EE962D /* ExerciseDetails.swift in Sources */,
				148EC8EC2A630F1F00EE962D /* HomeTab.swift in Sources */,
				148EC8F32A63158300EE962D /* WorkoutsTab.swift in Sources */,
				148EC91B2A6812DF00EE962D /* ExerciseModal.swift in Sources */,
				148EC9062A656CD400EE962D /* Utility.swift in Sources */,
				148EC9362A69E13200EE962D /* PieChart.swift in Sources */,
				148EC9112A66B79500EE962D /* ExercisesTab.swift in Sources */,
				148EC8F52A63161800EE962D /* Workout.swift in Sources */,
				148EC9092A65753800EE962D /* WorkoutCard.swift in Sources */,
				148ECA3F2A9287A800EE962D /* Set.swift in Sources */,
				148ECA392A927ADC00EE962D /* WorkoutExerciseCard.swift in Sources */,
				148ECA162A8CF7E500EE962D /* Color.swift in Sources */,
				148EC8EF2A63101C00EE962D /* Exercise.swift in Sources */,
				148EC8F72A63180C00EE962D /* SettingsTab.swift in Sources */,
				148EC9382A69E16E00EE962D /* PieChartSlice.swift in Sources */,
				148ECA612A94D97100EE962D /* MeasureTab.swift in Sources */,
				148EC8F12A63153000EE962D /* Enums.swift in Sources */,
				148ECA432A939C6500EE962D /* ProgramWeekView.swift in Sources */,
				148EC9132A66B8D800EE962D /* TabLayout.swift in Sources */,
				148EC92C2A6965FF00EE962D /* SchemeType.swift in Sources */,
				148ECA3D2A92843600EE962D /* ExerciseView.swift in Sources */,
				148ECA372A919A4400EE962D /* WorkoutExercise.swift in Sources */,
				148EC91D2A6822EC00EE962D /* DifficultyRating.swift in Sources */,
				148ECA412A92DA9B00EE962D /* ProgramWorkout.swift in Sources */,
				148EC9F12A7BE85000EE962D /* Fonts.swift in Sources */,
				148ECA0B2A81C76C00EE962D /* String.swift in Sources */,
				148EC9282A68C80D00EE962D /* Theme.swift in Sources */,
				148ECA312A8FD2DC00EE962D /* Program.swift in Sources */,
				14F0B21F2A6305330019497B /* TabsView.swift in Sources */,
				148EC90B2A65765600EE962D /* ViewModifiers.swift in Sources */,
				148ECA142A8CF62900EE962D /* UIColor.swift in Sources */,
				148ECA642A94DB2000EE962D /* ARViewRepresentable.swift in Sources */,
				148EC90D2A65814E00EE962D /* WorkoutView.swift in Sources */,
				148ECA2F2A8FD25300EE962D /* ProgramsTab.swift in Sources */,
				148EC92A2A69615D00EE962D /* Assets.swift in Sources */,
				148ECA662A94F14B00EE962D /* ARViewCoordinator.swift in Sources */,
				148ECA0D2A81CADA00EE962D /* LanguageCodes.swift in Sources */,
				14F0B21D2A6305330019497B /* ReactFitApp.swift in Sources */,
				148ECA352A90056D00EE962D /* ProgramView.swift in Sources */,
			);
			runOnlyForDeploymentPostprocessing = 0;
		};
/* End PBXSourcesBuildPhase section */

/* Begin PBXVariantGroup section */
		148ECA082A81C70800EE962D /* Localizable.strings */ = {
			isa = PBXVariantGroup;
			children = (
				148ECA072A81C70800EE962D /* en */,
				148ECA092A81C70D00EE962D /* es */,
			);
			name = Localizable.strings;
			sourceTree = "<group>";
		};
/* End PBXVariantGroup section */

/* Begin XCBuildConfiguration section */
		14F0B2252A6305340019497B /* Debug */ = {
			isa = XCBuildConfiguration;
			buildSettings = {
				ALWAYS_SEARCH_USER_PATHS = NO;
				CLANG_ANALYZER_LOCALIZABILITY_NONLOCALIZED = YES;
				CLANG_ANALYZER_NONNULL = YES;
				CLANG_ANALYZER_NUMBER_OBJECT_CONVERSION = YES_AGGRESSIVE;
				CLANG_CXX_LANGUAGE_STANDARD = "gnu++20";
				CLANG_ENABLE_MODULES = YES;
				CLANG_ENABLE_OBJC_ARC = YES;
				CLANG_ENABLE_OBJC_WEAK = YES;
				CLANG_WARN_BLOCK_CAPTURE_AUTORELEASING = YES;
				CLANG_WARN_BOOL_CONVERSION = YES;
				CLANG_WARN_COMMA = YES;
				CLANG_WARN_CONSTANT_CONVERSION = YES;
				CLANG_WARN_DEPRECATED_OBJC_IMPLEMENTATIONS = YES;
				CLANG_WARN_DIRECT_OBJC_ISA_USAGE = YES_ERROR;
				CLANG_WARN_DOCUMENTATION_COMMENTS = YES;
				CLANG_WARN_EMPTY_BODY = YES;
				CLANG_WARN_ENUM_CONVERSION = YES;
				CLANG_WARN_INFINITE_RECURSION = YES;
				CLANG_WARN_INT_CONVERSION = YES;
				CLANG_WARN_NON_LITERAL_NULL_CONVERSION = YES;
				CLANG_WARN_OBJC_IMPLICIT_RETAIN_SELF = YES;
				CLANG_WARN_OBJC_LITERAL_CONVERSION = YES;
				CLANG_WARN_OBJC_ROOT_CLASS = YES_ERROR;
				CLANG_WARN_QUOTED_INCLUDE_IN_FRAMEWORK_HEADER = YES;
				CLANG_WARN_RANGE_LOOP_ANALYSIS = YES;
				CLANG_WARN_STRICT_PROTOTYPES = YES;
				CLANG_WARN_SUSPICIOUS_MOVE = YES;
				CLANG_WARN_UNGUARDED_AVAILABILITY = YES_AGGRESSIVE;
				CLANG_WARN_UNREACHABLE_CODE = YES;
				CLANG_WARN__DUPLICATE_METHOD_MATCH = YES;
				COPY_PHASE_STRIP = NO;
				DEBUG_INFORMATION_FORMAT = dwarf;
				ENABLE_STRICT_OBJC_MSGSEND = YES;
				ENABLE_TESTABILITY = YES;
				GCC_C_LANGUAGE_STANDARD = gnu11;
				GCC_DYNAMIC_NO_PIC = NO;
				GCC_NO_COMMON_BLOCKS = YES;
				GCC_OPTIMIZATION_LEVEL = 0;
				GCC_PREPROCESSOR_DEFINITIONS = (
					"DEBUG=1",
					"$(inherited)",
				);
				GCC_WARN_64_TO_32_BIT_CONVERSION = YES;
				GCC_WARN_ABOUT_RETURN_TYPE = YES_ERROR;
				GCC_WARN_UNDECLARED_SELECTOR = YES;
				GCC_WARN_UNINITIALIZED_AUTOS = YES_AGGRESSIVE;
				GCC_WARN_UNUSED_FUNCTION = YES;
				GCC_WARN_UNUSED_VARIABLE = YES;
				IPHONEOS_DEPLOYMENT_TARGET = 16.4;
				MTL_ENABLE_DEBUG_INFO = INCLUDE_SOURCE;
				MTL_FAST_MATH = YES;
				ONLY_ACTIVE_ARCH = YES;
				SDKROOT = iphoneos;
				SWIFT_ACTIVE_COMPILATION_CONDITIONS = DEBUG;
				SWIFT_OPTIMIZATION_LEVEL = "-Onone";
			};
			name = Debug;
		};
		14F0B2262A6305340019497B /* Release */ = {
			isa = XCBuildConfiguration;
			buildSettings = {
				ALWAYS_SEARCH_USER_PATHS = NO;
				CLANG_ANALYZER_LOCALIZABILITY_NONLOCALIZED = YES;
				CLANG_ANALYZER_NONNULL = YES;
				CLANG_ANALYZER_NUMBER_OBJECT_CONVERSION = YES_AGGRESSIVE;
				CLANG_CXX_LANGUAGE_STANDARD = "gnu++20";
				CLANG_ENABLE_MODULES = YES;
				CLANG_ENABLE_OBJC_ARC = YES;
				CLANG_ENABLE_OBJC_WEAK = YES;
				CLANG_WARN_BLOCK_CAPTURE_AUTORELEASING = YES;
				CLANG_WARN_BOOL_CONVERSION = YES;
				CLANG_WARN_COMMA = YES;
				CLANG_WARN_CONSTANT_CONVERSION = YES;
				CLANG_WARN_DEPRECATED_OBJC_IMPLEMENTATIONS = YES;
				CLANG_WARN_DIRECT_OBJC_ISA_USAGE = YES_ERROR;
				CLANG_WARN_DOCUMENTATION_COMMENTS = YES;
				CLANG_WARN_EMPTY_BODY = YES;
				CLANG_WARN_ENUM_CONVERSION = YES;
				CLANG_WARN_INFINITE_RECURSION = YES;
				CLANG_WARN_INT_CONVERSION = YES;
				CLANG_WARN_NON_LITERAL_NULL_CONVERSION = YES;
				CLANG_WARN_OBJC_IMPLICIT_RETAIN_SELF = YES;
				CLANG_WARN_OBJC_LITERAL_CONVERSION = YES;
				CLANG_WARN_OBJC_ROOT_CLASS = YES_ERROR;
				CLANG_WARN_QUOTED_INCLUDE_IN_FRAMEWORK_HEADER = YES;
				CLANG_WARN_RANGE_LOOP_ANALYSIS = YES;
				CLANG_WARN_STRICT_PROTOTYPES = YES;
				CLANG_WARN_SUSPICIOUS_MOVE = YES;
				CLANG_WARN_UNGUARDED_AVAILABILITY = YES_AGGRESSIVE;
				CLANG_WARN_UNREACHABLE_CODE = YES;
				CLANG_WARN__DUPLICATE_METHOD_MATCH = YES;
				COPY_PHASE_STRIP = NO;
				DEBUG_INFORMATION_FORMAT = "dwarf-with-dsym";
				ENABLE_NS_ASSERTIONS = NO;
				ENABLE_STRICT_OBJC_MSGSEND = YES;
				GCC_C_LANGUAGE_STANDARD = gnu11;
				GCC_NO_COMMON_BLOCKS = YES;
				GCC_WARN_64_TO_32_BIT_CONVERSION = YES;
				GCC_WARN_ABOUT_RETURN_TYPE = YES_ERROR;
				GCC_WARN_UNDECLARED_SELECTOR = YES;
				GCC_WARN_UNINITIALIZED_AUTOS = YES_AGGRESSIVE;
				GCC_WARN_UNUSED_FUNCTION = YES;
				GCC_WARN_UNUSED_VARIABLE = YES;
				IPHONEOS_DEPLOYMENT_TARGET = 16.4;
				MTL_ENABLE_DEBUG_INFO = NO;
				MTL_FAST_MATH = YES;
				SDKROOT = iphoneos;
				SWIFT_COMPILATION_MODE = wholemodule;
				SWIFT_OPTIMIZATION_LEVEL = "-O";
				VALIDATE_PRODUCT = YES;
			};
			name = Release;
		};
		14F0B2282A6305340019497B /* Debug */ = {
			isa = XCBuildConfiguration;
			buildSettings = {
				ASSETCATALOG_COMPILER_APPICON_NAME = AppIcon;
				ASSETCATALOG_COMPILER_GLOBAL_ACCENT_COLOR_NAME = AccentColor;
				CODE_SIGN_STYLE = Automatic;
				CURRENT_PROJECT_VERSION = 1;
				DEVELOPMENT_ASSET_PATHS = "\"ReactFit/Preview Content\"";
				DEVELOPMENT_TEAM = HB6M77SRWM;
				ENABLE_PREVIEWS = YES;
				GENERATE_INFOPLIST_FILE = YES;
				INFOPLIST_FILE = ReactFit/Info.plist;
				INFOPLIST_KEY_NSCameraUsageDescription = "This app needs access to the camera to enable Augmented Reality features";
				INFOPLIST_KEY_UIApplicationSceneManifest_Generation = YES;
				INFOPLIST_KEY_UIApplicationSupportsIndirectInputEvents = YES;
				INFOPLIST_KEY_UILaunchScreen_Generation = YES;
				INFOPLIST_KEY_UISupportedInterfaceOrientations = UIInterfaceOrientationPortrait;
				INFOPLIST_KEY_UISupportedInterfaceOrientations_iPad = "UIInterfaceOrientationLandscapeLeft UIInterfaceOrientationLandscapeRight UIInterfaceOrientationPortrait UIInterfaceOrientationPortraitUpsideDown";
				LD_RUNPATH_SEARCH_PATHS = (
					"$(inherited)",
					"@executable_path/Frameworks",
				);
				MARKETING_VERSION = 1.0;
				PRODUCT_BUNDLE_IDENTIFIER = com.andrewgilliland.ReactFit;
				PRODUCT_NAME = "$(TARGET_NAME)";
				SUPPORTED_PLATFORMS = "iphoneos iphonesimulator";
				SUPPORTS_MACCATALYST = NO;
				SUPPORTS_MAC_DESIGNED_FOR_IPHONE_IPAD = NO;
				SWIFT_EMIT_LOC_STRINGS = YES;
				SWIFT_VERSION = 5.0;
				TARGETED_DEVICE_FAMILY = 1;
			};
			name = Debug;
		};
		14F0B2292A6305340019497B /* Release */ = {
			isa = XCBuildConfiguration;
			buildSettings = {
				ASSETCATALOG_COMPILER_APPICON_NAME = AppIcon;
				ASSETCATALOG_COMPILER_GLOBAL_ACCENT_COLOR_NAME = AccentColor;
				CODE_SIGN_STYLE = Automatic;
				CURRENT_PROJECT_VERSION = 1;
				DEVELOPMENT_ASSET_PATHS = "\"ReactFit/Preview Content\"";
				DEVELOPMENT_TEAM = HB6M77SRWM;
				ENABLE_PREVIEWS = YES;
				GENERATE_INFOPLIST_FILE = YES;
				INFOPLIST_FILE = ReactFit/Info.plist;
				INFOPLIST_KEY_NSCameraUsageDescription = "This app needs access to the camera to enable Augmented Reality features";
				INFOPLIST_KEY_UIApplicationSceneManifest_Generation = YES;
				INFOPLIST_KEY_UIApplicationSupportsIndirectInputEvents = YES;
				INFOPLIST_KEY_UILaunchScreen_Generation = YES;
				INFOPLIST_KEY_UISupportedInterfaceOrientations = UIInterfaceOrientationPortrait;
				INFOPLIST_KEY_UISupportedInterfaceOrientations_iPad = "UIInterfaceOrientationLandscapeLeft UIInterfaceOrientationLandscapeRight UIInterfaceOrientationPortrait UIInterfaceOrientationPortraitUpsideDown";
				LD_RUNPATH_SEARCH_PATHS = (
					"$(inherited)",
					"@executable_path/Frameworks",
				);
				MARKETING_VERSION = 1.0;
				PRODUCT_BUNDLE_IDENTIFIER = com.andrewgilliland.ReactFit;
				PRODUCT_NAME = "$(TARGET_NAME)";
				SUPPORTED_PLATFORMS = "iphoneos iphonesimulator";
				SUPPORTS_MACCATALYST = NO;
				SUPPORTS_MAC_DESIGNED_FOR_IPHONE_IPAD = NO;
				SWIFT_EMIT_LOC_STRINGS = YES;
				SWIFT_VERSION = 5.0;
				TARGETED_DEVICE_FAMILY = 1;
			};
			name = Release;
		};
/* End XCBuildConfiguration section */

/* Begin XCConfigurationList section */
		14F0B2142A6305330019497B /* Build configuration list for PBXProject "ReactFit" */ = {
			isa = XCConfigurationList;
			buildConfigurations = (
				14F0B2252A6305340019497B /* Debug */,
				14F0B2262A6305340019497B /* Release */,
			);
			defaultConfigurationIsVisible = 0;
			defaultConfigurationName = Release;
		};
		14F0B2272A6305340019497B /* Build configuration list for PBXNativeTarget "ReactFit" */ = {
			isa = XCConfigurationList;
			buildConfigurations = (
				14F0B2282A6305340019497B /* Debug */,
				14F0B2292A6305340019497B /* Release */,
			);
			defaultConfigurationIsVisible = 0;
			defaultConfigurationName = Release;
		};
/* End XCConfigurationList section */
	};
	rootObject = 14F0B2112A6305330019497B /* Project object */;
}
